
Microsoft Visual Studio Solution File, Format Version 12.00
# Visual Studio Version 17
VisualStudioVersion = 17.0.32014.148
MinimumVisualStudioVersion = 10.0.40219.1
Project("{FAE04EC0-301F-11D3-BF4B-00C04F79EFBC}") = "test12", "..\test12\test12.csproj", "{44EBA804-89A6-40A4-B778-2AFE0E51B1C4}"
EndProject
Global
	GlobalSection(SolutionConfigurationPlatforms) = preSolution
		Debug|Any CPU = Debug|Any CPU
		Release|Any CPU = Release|Any CPU
	EndGlobalSection
	GlobalSection(ProjectConfigurationPlatforms) = postSolution
		{44EBA804-89A6-40A4-B778-2AFE0E51B1C4}.Debug|Any CPU.ActiveCfg = Debug|Any CPU
		{44EBA804-89A6-40A4-B778-2AFE0E51B1C4}.Debug|Any CPU.Build.0 = Debug|Any CPU
		{44EBA804-89A6-40A4-B778-2AFE0E51B1C4}.Release|Any CPU.ActiveCfg = Release|Any CPU
		{44EBA804-89A6-40A4-B778-2AFE0E51B1C4}.Release|Any CPU.Build.0 = Release|Any CPU
	EndGlobalSection
	GlobalSection(SolutionProperties) = preSolution
		HideSolutionNode = FALSE
	EndGlobalSection
	GlobalSection(ExtensibilityGlobals) = postSolution
		SolutionGuid = {974707E7-0B22-4CCF-A585-4B8044EB1AEA}
	EndGlobalSection
EndGlobal
